
Microsoft Visual Studio Solution File, Format Version 12.00
Project("{FAE04EC0-301F-11D3-BF4B-00C04F79EFBC}") = "Cazebot", "Cazebot\Cazebot.csproj", "{BE279268-0F73-45B9-B3B5-92B26995BAF6}"
EndProject
Global
	GlobalSection(SolutionConfigurationPlatforms) = preSolution
		Debug|Any CPU = Debug|Any CPU
		Release|Any CPU = Release|Any CPU
	EndGlobalSection
	GlobalSection(ProjectConfigurationPlatforms) = postSolution
		{BE279268-0F73-45B9-B3B5-92B26995BAF6}.Debug|Any CPU.ActiveCfg = Debug|Any CPU
		{BE279268-0F73-45B9-B3B5-92B26995BAF6}.Debug|Any CPU.Build.0 = Debug|Any CPU
		{BE279268-0F73-45B9-B3B5-92B26995BAF6}.Release|Any CPU.ActiveCfg = Release|Any CPU
		{BE279268-0F73-45B9-B3B5-92B26995BAF6}.Release|Any CPU.Build.0 = Release|Any CPU
	EndGlobalSection
EndGlobal
